# THIS IS AN AUTOGENERATED FILE. DO NOT EDIT THIS FILE DIRECTLY.
# yarn lockfile v1


"@bufbuild/protobuf@1.10.0", "@bufbuild/protobuf@^1.0.0", "@bufbuild/protobuf@^1.10.0":
  version "1.10.0"
  resolved "https://registry.yarnpkg.com/@bufbuild/protobuf/-/protobuf-1.10.0.tgz#1a67ac889c2d464a3492b3e54c38f80517963b16"
  integrity sha512-QDdVFLoN93Zjg36NoQPZfsVH9tZew7wKDKyV5qRdj8ntT4wQCOradQjRaTdwMhWUYsgKsvCINKKm87FdEk96Ag==

"@bufbuild/protoc-gen-es@^1.0.0":
  version "1.10.0"
  resolved "https://registry.yarnpkg.com/@bufbuild/protoc-gen-es/-/protoc-gen-es-1.10.0.tgz#8771794259b6b78554458b85f7149df155ebe21b"
  integrity sha512-zBYBsVT/ul4uZb6F+kD7/k4sWNHVVbEPfJwKi0FDr+9VJo8MKIofI6pkr5ksBLr4fi/74r+e/75Xi/0clL5dXg==
  dependencies:
    "@bufbuild/protobuf" "^1.10.0"
    "@bufbuild/protoplugin" "1.10.0"

"@bufbuild/protoplugin@1.10.0":
  version "1.10.0"
  resolved "https://registry.yarnpkg.com/@bufbuild/protoplugin/-/protoplugin-1.10.0.tgz#314035fa2b80fa56e72d1aa06eb9ea6de6877c4c"
  integrity sha512-u6NE4vL0lw1+EK4/PiE/SQB7fKO4LRJNTEScIXVOi2x88K/c8WKc/k0KyEaA0asVBMpwekJQZGnRyj04ZtN5Gg==
  dependencies:
    "@bufbuild/protobuf" "1.10.0"
    "@typescript/vfs" "^1.4.0"
    typescript "4.5.2"

"@typescript/vfs@^1.4.0":
  version "1.6.0"
  resolved "https://registry.yarnpkg.com/@typescript/vfs/-/vfs-1.6.0.tgz#9c90d8c43f7ac53cc77d5959e5c4c9b639f0959e"
  integrity sha512-hvJUjNVeBMp77qPINuUvYXj4FyWeeMMKZkxEATEU3hqBAQ7qdTBCUFT7Sp0Zu0faeEtFf+ldXxMEDr/bk73ISg==
  dependencies:
    debug "^4.1.1"

debug@^4.1.1:
  version "4.3.6"
  resolved "https://registry.yarnpkg.com/debug/-/debug-4.3.6.tgz#2ab2c38fbaffebf8aa95fdfe6d88438c7a13c52b"
  integrity sha512-O/09Bd4Z1fBrU4VzkhFqVgpPzaGbw6Sm9FEkBT1A/YBXQFGuuSxa1dN2nxgxS34JmKXqYx8CZAwEVoJFImUXIg==
  dependencies:
    ms "2.1.2"

ms@2.1.2:
  version "2.1.2"
  resolved "https://registry.yarnpkg.com/ms/-/ms-2.1.2.tgz#d09d1f357b443f493382a8eb3ccd183872ae6009"
  integrity sha512-sGkPx+VjMtmA6MX27oA4FBFELFCZZ4S4XqeGOXCv68tT+jb3vk/RyaKWP0PTKyWtmLSM0b+adUTEvbs1PEaH2w==

typescript@4.5.2:
  version "4.5.2"
  resolved "https://registry.yarnpkg.com/typescript/-/typescript-4.5.2.tgz#8ac1fba9f52256fdb06fb89e4122fa6a346c2998"
  integrity sha512-5BlMof9H1yGt0P8/WF+wPNw6GfctgGjXp5hkblpyT+8rkASSmkUKMXrxR0Xg8ThVCi/JnHQiKXeBaEwCeQwMFw==
